{
  "../lib/@matterlabs/zksync-contracts": {
    "rev": "e554ae64ec150c47d6f17786e7f4aacebc7bf945"
  },
  "../lib/forge-std": {
    "rev": "77041d2ce690e692d6e03cc812b57d1ddaa4d505"
  },
  "../lib/murky": {
    "rev": "5feccd1253d7da820f7cccccdedf64471025455d"
  },
  "../lib/openzeppelin-contracts-upgradeable-v4": {
    "rev": "2d081f24cac1a867f6f73d512f2022e1fa987854"
  },
  "../lib/openzeppelin-contracts-v4": {
    "rev": "dc44c9f1a4c3b10af99492eed84f83ed244203f6"
  },
  "lib/forge-std": {
    "tag": {
      "name": "v1.12.0",
      "rev": "7117c90c8cf6c68e5acce4f09a6b24715cea4de6"
    }
  },
  "lib/openzeppelin-contracts": {
    "tag": {
      "name": "v5.5.0",
      "rev": "fcbae5394ae8ad52d8e580a3477db99814b9d565"
    }
  },
  "lib/openzeppelin-contracts-upgradeable": {
    "tag": {
      "name": "v5.5.0",
      "rev": "aa677e9d28ed78fc427ec47ba2baef2030c58e7c"
    }
  },
  "lib/zksync-contracts": {
    "tag": {
      "name": "v29.0.0",
      "rev": "513d0c84489054451b8c50ddfbb2337334d9151b"
    }
  }
}